
Microsoft Visual Studio Solution File, Format Version 12.00
# Visual Studio Version 17
VisualStudioVersion = 17.6.33801.468
MinimumVisualStudioVersion = 10.0.40219.1
Project("{FAE04EC0-301F-11D3-BF4B-00C04F79EFBC}") = "login project", "login project\login project.csproj", "{4869614C-878B-46B9-AAB4-AFA4E8024B36}"
EndProject
Global
	GlobalSection(SolutionConfigurationPlatforms) = preSolution
		Debug|Any CPU = Debug|Any CPU
		Release|Any CPU = Release|Any CPU
	EndGlobalSection
	GlobalSection(ProjectConfigurationPlatforms) = postSolution
		{4869614C-878B-46B9-AAB4-AFA4E8024B36}.Debug|Any CPU.ActiveCfg = Debug|Any CPU
		{4869614C-878B-46B9-AAB4-AFA4E8024B36}.Debug|Any CPU.Build.0 = Debug|Any CPU
		{4869614C-878B-46B9-AAB4-AFA4E8024B36}.Release|Any CPU.ActiveCfg = Release|Any CPU
		{4869614C-878B-46B9-AAB4-AFA4E8024B36}.Release|Any CPU.Build.0 = Release|Any CPU
	EndGlobalSection
	GlobalSection(SolutionProperties) = preSolution
		HideSolutionNode = FALSE
	EndGlobalSection
	GlobalSection(ExtensibilityGlobals) = postSolution
		SolutionGuid = {B26CFE76-E794-493A-85DC-E53F398DE727}
	EndGlobalSection
EndGlobal
